
Microsoft Visual Studio Solution File, Format Version 12.00
# Visual Studio 2012
Project("{FAE04EC0-301F-11D3-BF4B-00C04F79EFBC}") = "ElementaryCSharp", "ElementaryCSharp\ElementaryCSharp.csproj", "{DA9C8E41-5429-47D2-A6F6-933D919215A5}"
EndProject
Project("{2150E333-8FDC-42A3-9474-1A3956D46DE8}") = "Solution Items", "Solution Items", "{8A4E31A7-DBBB-4C1D-84BB-EB28B652A8D7}"
	ProjectSection(SolutionItems) = preProject
		ElementaryCSharp\Properties.cs = ElementaryCSharp\Properties.cs
		ElementaryCSharp\Static.cs = ElementaryCSharp\Static.cs
	EndProjectSection
EndProject
Project("{FAE04EC0-301F-11D3-BF4B-00C04F79EFBC}") = "FileScan", "FileScan\FileScan.csproj", "{F0B7B896-0104-4C10-9059-4B27507F40D5}"
EndProject
Global
	GlobalSection(SolutionConfigurationPlatforms) = preSolution
		Debug|Any CPU = Debug|Any CPU
		Release|Any CPU = Release|Any CPU
	EndGlobalSection
	GlobalSection(ProjectConfigurationPlatforms) = postSolution
		{DA9C8E41-5429-47D2-A6F6-933D919215A5}.Debug|Any CPU.ActiveCfg = Debug|Any CPU
		{DA9C8E41-5429-47D2-A6F6-933D919215A5}.Debug|Any CPU.Build.0 = Debug|Any CPU
		{DA9C8E41-5429-47D2-A6F6-933D919215A5}.Release|Any CPU.ActiveCfg = Release|Any CPU
		{DA9C8E41-5429-47D2-A6F6-933D919215A5}.Release|Any CPU.Build.0 = Release|Any CPU
		{F0B7B896-0104-4C10-9059-4B27507F40D5}.Debug|Any CPU.ActiveCfg = Debug|Any CPU
		{F0B7B896-0104-4C10-9059-4B27507F40D5}.Debug|Any CPU.Build.0 = Debug|Any CPU
		{F0B7B896-0104-4C10-9059-4B27507F40D5}.Release|Any CPU.ActiveCfg = Release|Any CPU
		{F0B7B896-0104-4C10-9059-4B27507F40D5}.Release|Any CPU.Build.0 = Release|Any CPU
	EndGlobalSection
	GlobalSection(SolutionProperties) = preSolution
		HideSolutionNode = FALSE
	EndGlobalSection
EndGlobal
